<Solution>
  <Folder Name="/src/">
    <Project Path="src/FiGet.Core/FiGet.Core.csproj" />
    <Project Path="src/FiGet.Http/FiGet.Http.csproj" />
    <Project Path="src/FiGet.Persistence.Sqlite/FiGet.Persistence.Sqlite.csproj" />
    <Project Path="src/FiGet.Persistence.SqlServer/FiGet.Persistence.SqlServer.csproj" />
    <Project Path="src/FiGet.Persistence/FiGet.Persistence.csproj" />
    <Project Path="src/FiGet.Protocol.V3/FiGet.Protocol.V3.csproj" />
    <Project Path="src/FiGet.Storage/FiGet.Storage.csproj" />
    <Project Path="src/FiGet.Web/FiGet.Web.csproj" />
  </Folder>
  <Folder Name="/tests/">
    <Project Path="tests/FiGet.Core.Tests/FiGet.Core.Tests.csproj" />
    <Project Path="tests/FiGet.Integration.Tests/FiGet.Integration.Tests.csproj" />
    <Project Path="tests/FiGet.Testing/FiGet.Testing.csproj" />
  </Folder>
</Solution>
